
Microsoft Visual Studio Solution File, Format Version 12.00
# Visual Studio Version 17
VisualStudioVersion = 17.4.33110.190
MinimumVisualStudioVersion = 10.0.40219.1
Project("{FAE04EC0-301F-11D3-BF4B-00C04F79EFBC}") = "SalesWebMvc", "SalesWebMvc\SalesWebMvc.csproj", "{1C541D3F-FB12-4933-95BF-2A6220BE345C}"
EndProject
Global
	GlobalSection(SolutionConfigurationPlatforms) = preSolution
		Debug|Any CPU = Debug|Any CPU
		Release|Any CPU = Release|Any CPU
	EndGlobalSection
	GlobalSection(ProjectConfigurationPlatforms) = postSolution
		{1C541D3F-FB12-4933-95BF-2A6220BE345C}.Debug|Any CPU.ActiveCfg = Debug|Any CPU
		{1C541D3F-FB12-4933-95BF-2A6220BE345C}.Debug|Any CPU.Build.0 = Debug|Any CPU
		{1C541D3F-FB12-4933-95BF-2A6220BE345C}.Release|Any CPU.ActiveCfg = Release|Any CPU
		{1C541D3F-FB12-4933-95BF-2A6220BE345C}.Release|Any CPU.Build.0 = Release|Any CPU
	EndGlobalSection
	GlobalSection(SolutionProperties) = preSolution
		HideSolutionNode = FALSE
	EndGlobalSection
	GlobalSection(ExtensibilityGlobals) = postSolution
		SolutionGuid = {5B760CC9-BAD8-44E6-AC09-2FEB78C0CD69}
	EndGlobalSection
EndGlobal
